
Microsoft Visual Studio Solution File, Format Version 12.00
# Visual Studio Version 17
VisualStudioVersion = 17.14.36127.28 d17.14
MinimumVisualStudioVersion = 10.0.40219.1
Project("{FAE04EC0-301F-11D3-BF4B-00C04F79EFBC}") = "PDFDanNativo", "PDFDanNativo\PDFDanNativo.csproj", "{0637417B-8AD4-44C3-B89C-C647D6EDC45F}"
EndProject
Project("{FAE04EC0-301F-11D3-BF4B-00C04F79EFBC}") = "PDFDanNativo.Testing", "PDFDanNativo.Testing\PDFDanNativo.Testing.csproj", "{7EB81F37-8C7A-4199-B2B5-24AD73433FC0}"
EndProject
Global
	GlobalSection(SolutionConfigurationPlatforms) = preSolution
		Debug|Any CPU = Debug|Any CPU
		Release|Any CPU = Release|Any CPU
	EndGlobalSection
	GlobalSection(ProjectConfigurationPlatforms) = postSolution
		{0637417B-8AD4-44C3-B89C-C647D6EDC45F}.Debug|Any CPU.ActiveCfg = Debug|Any CPU
		{0637417B-8AD4-44C3-B89C-C647D6EDC45F}.Debug|Any CPU.Build.0 = Debug|Any CPU
		{0637417B-8AD4-44C3-B89C-C647D6EDC45F}.Release|Any CPU.ActiveCfg = Release|Any CPU
		{0637417B-8AD4-44C3-B89C-C647D6EDC45F}.Release|Any CPU.Build.0 = Release|Any CPU
		{7EB81F37-8C7A-4199-B2B5-24AD73433FC0}.Debug|Any CPU.ActiveCfg = Debug|Any CPU
		{7EB81F37-8C7A-4199-B2B5-24AD73433FC0}.Debug|Any CPU.Build.0 = Debug|Any CPU
		{7EB81F37-8C7A-4199-B2B5-24AD73433FC0}.Release|Any CPU.ActiveCfg = Release|Any CPU
		{7EB81F37-8C7A-4199-B2B5-24AD73433FC0}.Release|Any CPU.Build.0 = Release|Any CPU
	EndGlobalSection
	GlobalSection(SolutionProperties) = preSolution
		HideSolutionNode = FALSE
	EndGlobalSection
	GlobalSection(ExtensibilityGlobals) = postSolution
		SolutionGuid = {7CC3665C-EDC5-4BA0-8FB1-D948B1DB6F6B}
	EndGlobalSection
EndGlobal
